// !$*UTF8*$!
{
	archiveVersion = 1;
	classes = {
	};
	objectVersion = 46;
	objects = {

/* Begin PBXBuildFile section */
		EE9835C81E837FFA009983C4 /* main.c in Sources */ = {isa = PBXBuildFile; fileRef = EE9835C71E837FFA009983C4 /* main.c */; };
		EE9835CE1E8388DB009983C4 /* gcc-libstdc.c in Sources */ = {isa = PBXBuildFile; fileRef = EE9835CD1E8388DB009983C4 /* gcc-libstdc.c */; };
		EE9835D01E838919009983C4 /* str.c in Sources */ = {isa = PBXBuildFile; fileRef = EE9835CF1E838919009983C4 /* str.c */; };
		EE9835D11E838919009983C4 /* str.c in Sources */ = {isa = PBXBuildFile; fileRef = EE9835CF1E838919009983C4 /* str.c */; };
		EE9835D41E838A33009983C4 /* util.c in Sources */ = {isa = PBXBuildFile; fileRef = EE9835D21E838A33009983C4 /* util.c */; };
		EE9835D51E838A33009983C4 /* util.c in Sources */ = {isa = PBXBuildFile; fileRef = EE9835D21E838A33009983C4 /* util.c */; };
		EE9835D81E838EB2009983C4 /* cpp.c in Sources */ = {isa = PBXBuildFile; fileRef = EE9835D61E838EB2009983C4 /* cpp.c */; };
		EE9835D91E838EB2009983C4 /* cpp.c in Sources */ = {isa = PBXBuildFile; fileRef = EE9835D61E838EB2009983C4 /* cpp.c */; };
		EE9835DB1E8411C2009983C4 /* cpp_util.c in Sources */ = {isa = PBXBuildFile; fileRef = EE9835DA1E8411C2009983C4 /* cpp_util.c */; };
		EE9835DC1E8411C2009983C4 /* cpp_util.c in Sources */ = {isa = PBXBuildFile; fileRef = EE9835DA1E8411C2009983C4 /* cpp_util.c */; };
		EEAFB7881E860A46009370D7 /* main.c in Sources */ = {isa = PBXBuildFile; fileRef = EEAFB7871E860A46009370D7 /* main.c */; };
		EEAFB78C1E860A69009370D7 /* str.c in Sources */ = {isa = PBXBuildFile; fileRef = EE9835CF1E838919009983C4 /* str.c */; };
		EEAFB78D1E860A71009370D7 /* util.c in Sources */ = {isa = PBXBuildFile; fileRef = EE9835D21E838A33009983C4 /* util.c */; };
		EEAFB78E1E860CCB009370D7 /* cpp_util.c in Sources */ = {isa = PBXBuildFile; fileRef = EE9835DA1E8411C2009983C4 /* cpp_util.c */; };
		EEBB4B631E909A860043B237 /* sysdemangle.c in Sources */ = {isa = PBXBuildFile; fileRef = EEBB4B621E909A860043B237 /* sysdemangle.c */; };
		EEBB4B641E909A860043B237 /* sysdemangle.c in Sources */ = {isa = PBXBuildFile; fileRef = EEBB4B621E909A860043B237 /* sysdemangle.c */; };
		EEBB4B671E909B440043B237 /* llvm.c in Sources */ = {isa = PBXBuildFile; fileRef = EEBB4B651E909B440043B237 /* llvm.c */; };
		EEBB4B701E90A0990043B237 /* sysdemangle.h in Headers */ = {isa = PBXBuildFile; fileRef = EE9835BF1E837C3A009983C4 /* sysdemangle.h */; };
		EEBB4B711E90A09E0043B237 /* str.h in Headers */ = {isa = PBXBuildFile; fileRef = EE9835C01E837DFB009983C4 /* str.h */; };
		EEBB4B721E90A0A20043B237 /* str.c in Sources */ = {isa = PBXBuildFile; fileRef = EE9835CF1E838919009983C4 /* str.c */; };
		EEBB4B731E90A0A60043B237 /* util.c in Sources */ = {isa = PBXBuildFile; fileRef = EE9835D21E838A33009983C4 /* util.c */; };
		EEBB4B741E90A0AA0043B237 /* util.h in Headers */ = {isa = PBXBuildFile; fileRef = EE9835D31E838A33009983C4 /* util.h */; };
		EEBB4B751E90A0B40043B237 /* cpp.c in Sources */ = {isa = PBXBuildFile; fileRef = EE9835D61E838EB2009983C4 /* cpp.c */; };
		EEBB4B761E90A0B80043B237 /* cpp.h in Headers */ = {isa = PBXBuildFile; fileRef = EE9835D71E838EB2009983C4 /* cpp.h */; };
		EEBB4B771E90A0BC0043B237 /* cpp_util.c in Sources */ = {isa = PBXBuildFile; fileRef = EE9835DA1E8411C2009983C4 /* cpp_util.c */; };
		EEBB4B781E90A0C10043B237 /* sysdemangle.c in Sources */ = {isa = PBXBuildFile; fileRef = EEBB4B621E909A860043B237 /* sysdemangle.c */; };
		EEBB4B801E90A37F0043B237 /* main.c in Sources */ = {isa = PBXBuildFile; fileRef = EEBB4B7F1E90A37F0043B237 /* main.c */; };
		EEBB4B841E90A4130043B237 /* str.c in Sources */ = {isa = PBXBuildFile; fileRef = EE9835CF1E838919009983C4 /* str.c */; };
		EEBB4B851E90A4170043B237 /* util.c in Sources */ = {isa = PBXBuildFile; fileRef = EE9835D21E838A33009983C4 /* util.c */; };
		EEBB4B861E90A41A0043B237 /* cpp.c in Sources */ = {isa = PBXBuildFile; fileRef = EE9835D61E838EB2009983C4 /* cpp.c */; };
		EEBB4B871E90A41E0043B237 /* cpp_util.c in Sources */ = {isa = PBXBuildFile; fileRef = EE9835DA1E8411C2009983C4 /* cpp_util.c */; };
		EEBB4B881E90A4220043B237 /* sysdemangle.c in Sources */ = {isa = PBXBuildFile; fileRef = EEBB4B621E909A860043B237 /* sysdemangle.c */; };
/* End PBXBuildFile section */

/* Begin PBXCopyFilesBuildPhase section */
		EE9835B31E837C0F009983C4 /* CopyFiles */ = {
			isa = PBXCopyFilesBuildPhase;
			buildActionMask = 2147483647;
			dstPath = /usr/share/man/man1/;
			dstSubfolderSpec = 0;
			files = (
			);
			runOnlyForDeploymentPostprocessing = 1;
		};
		EE9835C31E837FFA009983C4 /* CopyFiles */ = {
			isa = PBXCopyFilesBuildPhase;
			buildActionMask = 2147483647;
			dstPath = /usr/share/man/man1/;
			dstSubfolderSpec = 0;
			files = (
			);
			runOnlyForDeploymentPostprocessing = 1;
		};
		EEAFB7831E860A46009370D7 /* CopyFiles */ = {
			isa = PBXCopyFilesBuildPhase;
			buildActionMask = 2147483647;
			dstPath = /usr/share/man/man1/;
			dstSubfolderSpec = 0;
			files = (
			);
			runOnlyForDeploymentPostprocessing = 1;
		};
		EEBB4B7B1E90A37F0043B237 /* CopyFiles */ = {
			isa = PBXCopyFilesBuildPhase;
			buildActionMask = 2147483647;
			dstPath = /usr/share/man/man1/;
			dstSubfolderSpec = 0;
			files = (
			);
			runOnlyForDeploymentPostprocessing = 1;
		};
/* End PBXCopyFilesBuildPhase section */

/* Begin PBXFileReference section */
		EE2913BD1E91F7C80037E265 /* cxa_demangle.cpp */ = {isa = PBXFileReference; fileEncoding = 4; lastKnownFileType = sourcecode.cpp.cpp; path = cxa_demangle.cpp; sourceTree = "<group>"; };
		EE9835B51E837C0F009983C4 /* libsysdemangle */ = {isa = PBXFileReference; explicitFileType = "compiled.mach-o.executable"; includeInIndex = 0; path = libsysdemangle; sourceTree = BUILT_PRODUCTS_DIR; };
		EE9835BF1E837C3A009983C4 /* sysdemangle.h */ = {isa = PBXFileReference; fileEncoding = 4; indentWidth = 8; lastKnownFileType = sourcecode.c.h; path = sysdemangle.h; sourceTree = "<group>"; tabWidth = 8; usesTabs = 1; };
		EE9835C01E837DFB009983C4 /* str.h */ = {isa = PBXFileReference; fileEncoding = 4; indentWidth = 8; lastKnownFileType = sourcecode.c.h; path = str.h; sourceTree = "<group>"; tabWidth = 8; usesTabs = 1; };
		EE9835C51E837FFA009983C4 /* test */ = {isa = PBXFileReference; explicitFileType = "compiled.mach-o.executable"; includeInIndex = 0; path = test; sourceTree = BUILT_PRODUCTS_DIR; };
		EE9835C71E837FFA009983C4 /* main.c */ = {isa = PBXFileReference; indentWidth = 8; lastKnownFileType = sourcecode.c.c; path = main.c; sourceTree = "<group>"; tabWidth = 8; usesTabs = 1; };
		EE9835CC1E838034009983C4 /* tests.h */ = {isa = PBXFileReference; fileEncoding = 4; indentWidth = 8; lastKnownFileType = sourcecode.c.h; path = tests.h; sourceTree = "<group>"; tabWidth = 8; usesTabs = 1; };
		EE9835CD1E8388DB009983C4 /* gcc-libstdc.c */ = {isa = PBXFileReference; fileEncoding = 4; lastKnownFileType = sourcecode.c.c; path = "gcc-libstdc.c"; sourceTree = "<group>"; };
		EE9835CF1E838919009983C4 /* str.c */ = {isa = PBXFileReference; fileEncoding = 4; indentWidth = 8; lastKnownFileType = sourcecode.c.c; path = str.c; sourceTree = "<group>"; tabWidth = 8; usesTabs = 1; };
		EE9835D21E838A33009983C4 /* util.c */ = {isa = PBXFileReference; fileEncoding = 4; indentWidth = 8; lastKnownFileType = sourcecode.c.c; path = util.c; sourceTree = "<group>"; tabWidth = 8; usesTabs = 1; };
		EE9835D31E838A33009983C4 /* util.h */ = {isa = PBXFileReference; fileEncoding = 4; lastKnownFileType = sourcecode.c.h; path = util.h; sourceTree = "<group>"; };
		EE9835D61E838EB2009983C4 /* cpp.c */ = {isa = PBXFileReference; fileEncoding = 4; indentWidth = 8; lastKnownFileType = sourcecode.c.c; path = cpp.c; sourceTree = "<group>"; tabWidth = 8; usesTabs = 1; };
		EE9835D71E838EB2009983C4 /* cpp.h */ = {isa = PBXFileReference; fileEncoding = 4; indentWidth = 8; lastKnownFileType = sourcecode.c.h; path = cpp.h; sourceTree = "<group>"; tabWidth = 8; usesTabs = 1; };
		EE9835DA1E8411C2009983C4 /* cpp_util.c */ = {isa = PBXFileReference; fileEncoding = 4; indentWidth = 8; lastKnownFileType = sourcecode.c.c; path = cpp_util.c; sourceTree = "<group>"; tabWidth = 8; usesTabs = 1; };
		EEAFB7851E860A46009370D7 /* unit */ = {isa = PBXFileReference; explicitFileType = "compiled.mach-o.executable"; includeInIndex = 0; path = unit; sourceTree = BUILT_PRODUCTS_DIR; };
		EEAFB7871E860A46009370D7 /* main.c */ = {isa = PBXFileReference; lastKnownFileType = sourcecode.c.c; path = main.c; sourceTree = "<group>"; };
		EEBB4B621E909A860043B237 /* sysdemangle.c */ = {isa = PBXFileReference; fileEncoding = 4; indentWidth = 8; lastKnownFileType = sourcecode.c.c; path = sysdemangle.c; sourceTree = "<group>"; tabWidth = 8; usesTabs = 1; };
		EEBB4B651E909B440043B237 /* llvm.c */ = {isa = PBXFileReference; fileEncoding = 4; lastKnownFileType = sourcecode.c.c; path = llvm.c; sourceTree = "<group>"; };
		EEBB4B6C1E90A08B0043B237 /* libsysdemangle.dylib */ = {isa = PBXFileReference; explicitFileType = "compiled.mach-o.dylib"; includeInIndex = 0; path = libsysdemangle.dylib; sourceTree = BUILT_PRODUCTS_DIR; };
		EEBB4B7D1E90A37F0043B237 /* one */ = {isa = PBXFileReference; explicitFileType = "compiled.mach-o.executable"; includeInIndex = 0; path = one; sourceTree = BUILT_PRODUCTS_DIR; };
		EEBB4B7F1E90A37F0043B237 /* main.c */ = {isa = PBXFileReference; lastKnownFileType = sourcecode.c.c; path = main.c; sourceTree = "<group>"; };
/* End PBXFileReference section */

/* Begin PBXFrameworksBuildPhase section */
		EE9835B21E837C0F009983C4 /* Frameworks */ = {
			isa = PBXFrameworksBuildPhase;
			buildActionMask = 2147483647;
			files = (
			);
			runOnlyForDeploymentPostprocessing = 0;
		};
		EE9835C21E837FFA009983C4 /* Frameworks */ = {
			isa = PBXFrameworksBuildPhase;
			buildActionMask = 2147483647;
			files = (
			);
			runOnlyForDeploymentPostprocessing = 0;
		};
		EEAFB7821E860A46009370D7 /* Frameworks */ = {
			isa = PBXFrameworksBuildPhase;
			buildActionMask = 2147483647;
			files = (
			);
			runOnlyForDeploymentPostprocessing = 0;
		};
		EEBB4B691E90A08B0043B237 /* Frameworks */ = {
			isa = PBXFrameworksBuildPhase;
			buildActionMask = 2147483647;
			files = (
			);
			runOnlyForDeploymentPostprocessing = 0;
		};
		EEBB4B7A1E90A37F0043B237 /* Frameworks */ = {
			isa = PBXFrameworksBuildPhase;
			buildActionMask = 2147483647;
			files = (
			);
			runOnlyForDeploymentPostprocessing = 0;
		};
/* End PBXFrameworksBuildPhase section */

/* Begin PBXGroup section */
		EE9835AC1E837C0F009983C4 = {
			isa = PBXGroup;
			children = (
				EE9835B71E837C0F009983C4 /* sysdemangle */,
				EE9835C61E837FFA009983C4 /* test */,
				EEAFB7861E860A46009370D7 /* unit */,
				EEBB4B7E1E90A37F0043B237 /* one */,
				EE9835B61E837C0F009983C4 /* Products */,
			);
			sourceTree = "<group>";
		};
		EE9835B61E837C0F009983C4 /* Products */ = {
			isa = PBXGroup;
			children = (
				EE9835B51E837C0F009983C4 /* libsysdemangle */,
				EE9835C51E837FFA009983C4 /* test */,
				EEAFB7851E860A46009370D7 /* unit */,
				EEBB4B6C1E90A08B0043B237 /* libsysdemangle.dylib */,
				EEBB4B7D1E90A37F0043B237 /* one */,
			);
			name = Products;
			sourceTree = "<group>";
		};
		EE9835B71E837C0F009983C4 /* sysdemangle */ = {
			isa = PBXGroup;
			children = (
				EE2913BD1E91F7C80037E265 /* cxa_demangle.cpp */,
				EE9835BF1E837C3A009983C4 /* sysdemangle.h */,
				EE9835C01E837DFB009983C4 /* str.h */,
				EE9835CF1E838919009983C4 /* str.c */,
				EE9835D21E838A33009983C4 /* util.c */,
				EE9835D31E838A33009983C4 /* util.h */,
				EE9835D61E838EB2009983C4 /* cpp.c */,
				EE9835D71E838EB2009983C4 /* cpp.h */,
				EE9835DA1E8411C2009983C4 /* cpp_util.c */,
				EEBB4B621E909A860043B237 /* sysdemangle.c */,
			);
			name = sysdemangle;
			path = libsysdemangle;
			sourceTree = "<group>";
		};
		EE9835C61E837FFA009983C4 /* test */ = {
			isa = PBXGroup;
			children = (
				EEBB4B651E909B440043B237 /* llvm.c */,
				EE9835C71E837FFA009983C4 /* main.c */,
				EE9835CC1E838034009983C4 /* tests.h */,
				EE9835CD1E8388DB009983C4 /* gcc-libstdc.c */,
			);
			path = test;
			sourceTree = "<group>";
		};
		EEAFB7861E860A46009370D7 /* unit */ = {
			isa = PBXGroup;
			children = (
				EEAFB7871E860A46009370D7 /* main.c */,
			);
			path = unit;
			sourceTree = "<group>";
		};
		EEBB4B7E1E90A37F0043B237 /* one */ = {
			isa = PBXGroup;
			children = (
				EEBB4B7F1E90A37F0043B237 /* main.c */,
			);
			path = one;
			sourceTree = "<group>";
		};
/* End PBXGroup section */

/* Begin PBXHeadersBuildPhase section */
		EEBB4B6A1E90A08B0043B237 /* Headers */ = {
			isa = PBXHeadersBuildPhase;
			buildActionMask = 2147483647;
			files = (
				EEBB4B741E90A0AA0043B237 /* util.h in Headers */,
				EEBB4B711E90A09E0043B237 /* str.h in Headers */,
				EEBB4B761E90A0B80043B237 /* cpp.h in Headers */,
				EEBB4B701E90A0990043B237 /* sysdemangle.h in Headers */,
			);
			runOnlyForDeploymentPostprocessing = 0;
		};
/* End PBXHeadersBuildPhase section */

/* Begin PBXNativeTarget section */
		EE9835B41E837C0F009983C4 /* libsysdemangle */ = {
			isa = PBXNativeTarget;
			buildConfigurationList = EE9835BC1E837C0F009983C4 /* Build configuration list for PBXNativeTarget "libsysdemangle" */;
			buildPhases = (
				EE9835B11E837C0F009983C4 /* Sources */,
				EE9835B21E837C0F009983C4 /* Frameworks */,
				EE9835B31E837C0F009983C4 /* CopyFiles */,
			);
			buildRules = (
			);
			dependencies = (
			);
			name = libsysdemangle;
			productName = libsysdemangle;
			productReference = EE9835B51E837C0F009983C4 /* libsysdemangle */;
			productType = "com.apple.product-type.tool";
		};
		EE9835C41E837FFA009983C4 /* test */ = {
			isa = PBXNativeTarget;
			buildConfigurationList = EE9835C91E837FFA009983C4 /* Build configuration list for PBXNativeTarget "test" */;
			buildPhases = (
				EE9835C11E837FFA009983C4 /* Sources */,
				EE9835C21E837FFA009983C4 /* Frameworks */,
				EE9835C31E837FFA009983C4 /* CopyFiles */,
			);
			buildRules = (
			);
			dependencies = (
			);
			name = test;
			productName = test;
			productReference = EE9835C51E837FFA009983C4 /* test */;
			productType = "com.apple.product-type.tool";
		};
		EEAFB7841E860A46009370D7 /* unit */ = {
			isa = PBXNativeTarget;
			buildConfigurationList = EEAFB78B1E860A46009370D7 /* Build configuration list for PBXNativeTarget "unit" */;
			buildPhases = (
				EEAFB7811E860A46009370D7 /* Sources */,
				EEAFB7821E860A46009370D7 /* Frameworks */,
				EEAFB7831E860A46009370D7 /* CopyFiles */,
			);
			buildRules = (
			);
			dependencies = (
			);
			name = unit;
			productName = unit;
			productReference = EEAFB7851E860A46009370D7 /* unit */;
			productType = "com.apple.product-type.tool";
		};
		EEBB4B6B1E90A08B0043B237 /* sysdemangle */ = {
			isa = PBXNativeTarget;
			buildConfigurationList = EEBB4B6D1E90A08B0043B237 /* Build configuration list for PBXNativeTarget "sysdemangle" */;
			buildPhases = (
				EEBB4B681E90A08B0043B237 /* Sources */,
				EEBB4B691E90A08B0043B237 /* Frameworks */,
				EEBB4B6A1E90A08B0043B237 /* Headers */,
			);
			buildRules = (
			);
			dependencies = (
			);
			name = sysdemangle;
			productName = sysdemangle;
			productReference = EEBB4B6C1E90A08B0043B237 /* libsysdemangle.dylib */;
			productType = "com.apple.product-type.library.dynamic";
		};
		EEBB4B7C1E90A37F0043B237 /* one */ = {
			isa = PBXNativeTarget;
			buildConfigurationList = EEBB4B811E90A37F0043B237 /* Build configuration list for PBXNativeTarget "one" */;
			buildPhases = (
				EEBB4B791E90A37F0043B237 /* Sources */,
				EEBB4B7A1E90A37F0043B237 /* Frameworks */,
				EEBB4B7B1E90A37F0043B237 /* CopyFiles */,
			);
			buildRules = (
			);
			dependencies = (
			);
			name = one;
			productName = one;
			productReference = EEBB4B7D1E90A37F0043B237 /* one */;
			productType = "com.apple.product-type.tool";
		};
/* End PBXNativeTarget section */

/* Begin PBXProject section */
		EE9835AD1E837C0F009983C4 /* Project object */ = {
			isa = PBXProject;
			attributes = {
				LastUpgradeCheck = 0820;
				ORGANIZATIONNAME = "Jason King";
				TargetAttributes = {
					EE9835B41E837C0F009983C4 = {
						CreatedOnToolsVersion = 8.2.1;
						ProvisioningStyle = Automatic;
					};
					EE9835C41E837FFA009983C4 = {
						CreatedOnToolsVersion = 8.2.1;
						ProvisioningStyle = Automatic;
					};
					EEAFB7841E860A46009370D7 = {
						CreatedOnToolsVersion = 8.2.1;
						ProvisioningStyle = Automatic;
					};
					EEBB4B6B1E90A08B0043B237 = {
						CreatedOnToolsVersion = 8.3;
						ProvisioningStyle = Automatic;
					};
					EEBB4B7C1E90A37F0043B237 = {
						CreatedOnToolsVersion = 8.3;
						ProvisioningStyle = Automatic;
					};
				};
			};
			buildConfigurationList = EE9835B01E837C0F009983C4 /* Build configuration list for PBXProject "sysdemangle" */;
			compatibilityVersion = "Xcode 3.2";
			developmentRegion = English;
			hasScannedForEncodings = 0;
			knownRegions = (
				en,
			);
			mainGroup = EE9835AC1E837C0F009983C4;
			productRefGroup = EE9835B61E837C0F009983C4 /* Products */;
			projectDirPath = "";
			projectRoot = "";
			targets = (
				EE9835B41E837C0F009983C4 /* libsysdemangle */,
				EE9835C41E837FFA009983C4 /* test */,
				EEAFB7841E860A46009370D7 /* unit */,
				EEBB4B6B1E90A08B0043B237 /* sysdemangle */,
				EEBB4B7C1E90A37F0043B237 /* one */,
			);
		};
/* End PBXProject section */

/* Begin PBXSourcesBuildPhase section */
		EE9835B11E837C0F009983C4 /* Sources */ = {
			isa = PBXSourcesBuildPhase;
			buildActionMask = 2147483647;
			files = (
				EE9835D81E838EB2009983C4 /* cpp.c in Sources */,
				EE9835D01E838919009983C4 /* str.c in Sources */,
				EE9835DB1E8411C2009983C4 /* cpp_util.c in Sources */,
				EEBB4B631E909A860043B237 /* sysdemangle.c in Sources */,
				EE9835D41E838A33009983C4 /* util.c in Sources */,
			);
			runOnlyForDeploymentPostprocessing = 0;
		};
		EE9835C11E837FFA009983C4 /* Sources */ = {
			isa = PBXSourcesBuildPhase;
			buildActionMask = 2147483647;
			files = (
				EEBB4B641E909A860043B237 /* sysdemangle.c in Sources */,
				EE9835D11E838919009983C4 /* str.c in Sources */,
				EEBB4B671E909B440043B237 /* llvm.c in Sources */,
				EE9835D51E838A33009983C4 /* util.c in Sources */,
				EE9835D91E838EB2009983C4 /* cpp.c in Sources */,
				EE9835DC1E8411C2009983C4 /* cpp_util.c in Sources */,
				EE9835C81E837FFA009983C4 /* main.c in Sources */,
				EE9835CE1E8388DB009983C4 /* gcc-libstdc.c in Sources */,
			);
			runOnlyForDeploymentPostprocessing = 0;
		};
		EEAFB7811E860A46009370D7 /* Sources */ = {
			isa = PBXSourcesBuildPhase;
			buildActionMask = 2147483647;
			files = (
				EEAFB7881E860A46009370D7 /* main.c in Sources */,
				EEAFB78C1E860A69009370D7 /* str.c in Sources */,
				EEAFB78D1E860A71009370D7 /* util.c in Sources */,
				EEAFB78E1E860CCB009370D7 /* cpp_util.c in Sources */,
			);
			runOnlyForDeploymentPostprocessing = 0;
		};
		EEBB4B681E90A08B0043B237 /* Sources */ = {
			isa = PBXSourcesBuildPhase;
			buildActionMask = 2147483647;
			files = (
				EEBB4B751E90A0B40043B237 /* cpp.c in Sources */,
				EEBB4B721E90A0A20043B237 /* str.c in Sources */,
				EEBB4B731E90A0A60043B237 /* util.c in Sources */,
				EEBB4B781E90A0C10043B237 /* sysdemangle.c in Sources */,
				EEBB4B771E90A0BC0043B237 /* cpp_util.c in Sources */,
			);
			runOnlyForDeploymentPostprocessing = 0;
		};
		EEBB4B791E90A37F0043B237 /* Sources */ = {
			isa = PBXSourcesBuildPhase;
			buildActionMask = 2147483647;
			files = (
				EEBB4B801E90A37F0043B237 /* main.c in Sources */,
				EEBB4B861E90A41A0043B237 /* cpp.c in Sources */,
				EEBB4B881E90A4220043B237 /* sysdemangle.c in Sources */,
				EEBB4B841E90A4130043B237 /* str.c in Sources */,
				EEBB4B871E90A41E0043B237 /* cpp_util.c in Sources */,
				EEBB4B851E90A4170043B237 /* util.c in Sources */,
			);
			runOnlyForDeploymentPostprocessing = 0;
		};
/* End PBXSourcesBuildPhase section */

/* Begin XCBuildConfiguration section */
		EE9835BA1E837C0F009983C4 /* Debug */ = {
			isa = XCBuildConfiguration;
			buildSettings = {
				ALWAYS_SEARCH_USER_PATHS = NO;
				CLANG_ANALYZER_NONNULL = YES;
				CLANG_CXX_LANGUAGE_STANDARD = "gnu++0x";
				CLANG_CXX_LIBRARY = "libc++";
				CLANG_ENABLE_MODULES = YES;
				CLANG_ENABLE_OBJC_ARC = YES;
				CLANG_WARN_BOOL_CONVERSION = YES;
				CLANG_WARN_CONSTANT_CONVERSION = YES;
				CLANG_WARN_DIRECT_OBJC_ISA_USAGE = YES_ERROR;
				CLANG_WARN_DOCUMENTATION_COMMENTS = YES;
				CLANG_WARN_EMPTY_BODY = YES;
				CLANG_WARN_ENUM_CONVERSION = YES;
				CLANG_WARN_INFINITE_RECURSION = YES;
				CLANG_WARN_INT_CONVERSION = YES;
				CLANG_WARN_OBJC_ROOT_CLASS = YES_ERROR;
				CLANG_WARN_SUSPICIOUS_MOVE = YES;
				CLANG_WARN_UNREACHABLE_CODE = YES;
				CLANG_WARN__DUPLICATE_METHOD_MATCH = YES;
				CODE_SIGN_IDENTITY = "-";
				COPY_PHASE_STRIP = NO;
				DEBUG_INFORMATION_FORMAT = dwarf;
				ENABLE_STRICT_OBJC_MSGSEND = YES;
				ENABLE_TESTABILITY = YES;
				GCC_C_LANGUAGE_STANDARD = gnu99;
				GCC_DYNAMIC_NO_PIC = NO;
				GCC_NO_COMMON_BLOCKS = YES;
				GCC_OPTIMIZATION_LEVEL = 0;
				GCC_PREPROCESSOR_DEFINITIONS = (
					"DEBUG=1",
					"$(inherited)",
				);
				GCC_WARN_64_TO_32_BIT_CONVERSION = YES;
				GCC_WARN_ABOUT_RETURN_TYPE = YES_ERROR;
				GCC_WARN_UNDECLARED_SELECTOR = YES;
				GCC_WARN_UNINITIALIZED_AUTOS = YES_AGGRESSIVE;
				GCC_WARN_UNUSED_FUNCTION = YES;
				GCC_WARN_UNUSED_VARIABLE = YES;
				MACOSX_DEPLOYMENT_TARGET = 10.12;
				MTL_ENABLE_DEBUG_INFO = YES;
				ONLY_ACTIVE_ARCH = YES;
				SDKROOT = macosx;
			};
			name = Debug;
		};
		EE9835BB1E837C0F009983C4 /* Release */ = {
			isa = XCBuildConfiguration;
			buildSettings = {
				ALWAYS_SEARCH_USER_PATHS = NO;
				CLANG_ANALYZER_NONNULL = YES;
				CLANG_CXX_LANGUAGE_STANDARD = "gnu++0x";
				CLANG_CXX_LIBRARY = "libc++";
				CLANG_ENABLE_MODULES = YES;
				CLANG_ENABLE_OBJC_ARC = YES;
				CLANG_WARN_BOOL_CONVERSION = YES;
				CLANG_WARN_CONSTANT_CONVERSION = YES;
				CLANG_WARN_DIRECT_OBJC_ISA_USAGE = YES_ERROR;
				CLANG_WARN_DOCUMENTATION_COMMENTS = YES;
				CLANG_WARN_EMPTY_BODY = YES;
				CLANG_WARN_ENUM_CONVERSION = YES;
				CLANG_WARN_INFINITE_RECURSION = YES;
				CLANG_WARN_INT_CONVERSION = YES;
				CLANG_WARN_OBJC_ROOT_CLASS = YES_ERROR;
				CLANG_WARN_SUSPICIOUS_MOVE = YES;
				CLANG_WARN_UNREACHABLE_CODE = YES;
				CLANG_WARN__DUPLICATE_METHOD_MATCH = YES;
				CODE_SIGN_IDENTITY = "-";
				COPY_PHASE_STRIP = NO;
				DEBUG_INFORMATION_FORMAT = "dwarf-with-dsym";
				ENABLE_NS_ASSERTIONS = NO;
				ENABLE_STRICT_OBJC_MSGSEND = YES;
				GCC_C_LANGUAGE_STANDARD = gnu99;
				GCC_NO_COMMON_BLOCKS = YES;
				GCC_WARN_64_TO_32_BIT_CONVERSION = YES;
				GCC_WARN_ABOUT_RETURN_TYPE = YES_ERROR;
				GCC_WARN_UNDECLARED_SELECTOR = YES;
				GCC_WARN_UNINITIALIZED_AUTOS = YES_AGGRESSIVE;
				GCC_WARN_UNUSED_FUNCTION = YES;
				GCC_WARN_UNUSED_VARIABLE = YES;
				MACOSX_DEPLOYMENT_TARGET = 10.12;
				MTL_ENABLE_DEBUG_INFO = NO;
				SDKROOT = macosx;
			};
			name = Release;
		};
		EE9835BD1E837C0F009983C4 /* Debug */ = {
			isa = XCBuildConfiguration;
			buildSettings = {
				PRODUCT_NAME = "$(TARGET_NAME)";
				WARNING_LDFLAGS = "-v";
			};
			name = Debug;
		};
		EE9835BE1E837C0F009983C4 /* Release */ = {
			isa = XCBuildConfiguration;
			buildSettings = {
				PRODUCT_NAME = "$(TARGET_NAME)";
				WARNING_LDFLAGS = "-v";
			};
			name = Release;
		};
		EE9835CA1E837FFA009983C4 /* Debug */ = {
			isa = XCBuildConfiguration;
			buildSettings = {
				PRODUCT_NAME = "$(TARGET_NAME)";
				WARNING_LDFLAGS = "-v";
			};
			name = Debug;
		};
		EE9835CB1E837FFA009983C4 /* Release */ = {
			isa = XCBuildConfiguration;
			buildSettings = {
				PRODUCT_NAME = "$(TARGET_NAME)";
				WARNING_LDFLAGS = "-v";
			};
			name = Release;
		};
		EEAFB7891E860A46009370D7 /* Debug */ = {
			isa = XCBuildConfiguration;
			buildSettings = {
				PRODUCT_NAME = "$(TARGET_NAME)";
			};
			name = Debug;
		};
		EEAFB78A1E860A46009370D7 /* Release */ = {
			isa = XCBuildConfiguration;
			buildSettings = {
				PRODUCT_NAME = "$(TARGET_NAME)";
			};
			name = Release;
		};
		EEBB4B6E1E90A08B0043B237 /* Debug */ = {
			isa = XCBuildConfiguration;
			buildSettings = {
				CLANG_ANALYZER_NUMBER_OBJECT_CONVERSION = YES_AGGRESSIVE;
				DYLIB_COMPATIBILITY_VERSION = 1;
				DYLIB_CURRENT_VERSION = 1;
				EXECUTABLE_PREFIX = lib;
				PRODUCT_NAME = "$(TARGET_NAME)";
			};
			name = Debug;
		};
		EEBB4B6F1E90A08B0043B237 /* Release */ = {
			isa = XCBuildConfiguration;
			buildSettings = {
				CLANG_ANALYZER_NUMBER_OBJECT_CONVERSION = YES_AGGRESSIVE;
				DYLIB_COMPATIBILITY_VERSION = 1;
				DYLIB_CURRENT_VERSION = 1;
				EXECUTABLE_PREFIX = lib;
				PRODUCT_NAME = "$(TARGET_NAME)";
			};
			name = Release;
		};
		EEBB4B821E90A37F0043B237 /* Debug */ = {
			isa = XCBuildConfiguration;
			buildSettings = {
				CLANG_ANALYZER_NUMBER_OBJECT_CONVERSION = YES_AGGRESSIVE;
				PRODUCT_NAME = "$(TARGET_NAME)";
			};
			name = Debug;
		};
		EEBB4B831E90A37F0043B237 /* Release */ = {
			isa = XCBuildConfiguration;
			buildSettings = {
				CLANG_ANALYZER_NUMBER_OBJECT_CONVERSION = YES_AGGRESSIVE;
				PRODUCT_NAME = "$(TARGET_NAME)";
			};
			name = Release;
		};
/* End XCBuildConfiguration section */

/* Begin XCConfigurationList section */
		EE9835B01E837C0F009983C4 /* Build configuration list for PBXProject "sysdemangle" */ = {
			isa = XCConfigurationList;
			buildConfigurations = (
				EE9835BA1E837C0F009983C4 /* Debug */,
				EE9835BB1E837C0F009983C4 /* Release */,
			);
			defaultConfigurationIsVisible = 0;
			defaultConfigurationName = Release;
		};
		EE9835BC1E837C0F009983C4 /* Build configuration list for PBXNativeTarget "libsysdemangle" */ = {
			isa = XCConfigurationList;
			buildConfigurations = (
				EE9835BD1E837C0F009983C4 /* Debug */,
				EE9835BE1E837C0F009983C4 /* Release */,
			);
			defaultConfigurationIsVisible = 0;
			defaultConfigurationName = Release;
		};
		EE9835C91E837FFA009983C4 /* Build configuration list for PBXNativeTarget "test" */ = {
			isa = XCConfigurationList;
			buildConfigurations = (
				EE9835CA1E837FFA009983C4 /* Debug */,
				EE9835CB1E837FFA009983C4 /* Release */,
			);
			defaultConfigurationIsVisible = 0;
			defaultConfigurationName = Release;
		};
		EEAFB78B1E860A46009370D7 /* Build configuration list for PBXNativeTarget "unit" */ = {
			isa = XCConfigurationList;
			buildConfigurations = (
				EEAFB7891E860A46009370D7 /* Debug */,
				EEAFB78A1E860A46009370D7 /* Release */,
			);
			defaultConfigurationIsVisible = 0;
			defaultConfigurationName = Release;
		};
		EEBB4B6D1E90A08B0043B237 /* Build configuration list for PBXNativeTarget "sysdemangle" */ = {
			isa = XCConfigurationList;
			buildConfigurations = (
				EEBB4B6E1E90A08B0043B237 /* Debug */,
				EEBB4B6F1E90A08B0043B237 /* Release */,
			);
			defaultConfigurationIsVisible = 0;
			defaultConfigurationName = Release;
		};
		EEBB4B811E90A37F0043B237 /* Build configuration list for PBXNativeTarget "one" */ = {
			isa = XCConfigurationList;
			buildConfigurations = (
				EEBB4B821E90A37F0043B237 /* Debug */,
				EEBB4B831E90A37F0043B237 /* Release */,
			);
			defaultConfigurationIsVisible = 0;
			defaultConfigurationName = Release;
		};
/* End XCConfigurationList section */
	};
	rootObject = EE9835AD1E837C0F009983C4 /* Project object */;
}
